
Microsoft Visual Studio Solution File, Format Version 12.00
# Visual Studio 15
Project("{FAE04EC0-301F-11D3-BF4B-00C04F79EFBC}") = "Assembly-CSharp", "Assembly-CSharp.csproj", "{D1817286-8D58-9288-582B-D4CE810092FE}"
EndProject
Project("{FAE04EC0-301F-11D3-BF4B-00C04F79EFBC}") = "Assembly-CSharp-Editor", "Assembly-CSharp-Editor.csproj", "{5AA465E1-DBE9-809F-BCFB-6C55559C0198}"
EndProject
Global
	GlobalSection(SolutionConfigurationPlatforms) = preSolution
		Debug|Any CPU = Debug|Any CPU
		Release|Any CPU = Release|Any CPU
	EndGlobalSection
	GlobalSection(ProjectConfigurationPlatforms) = postSolution
		{D1817286-8D58-9288-582B-D4CE810092FE}.Debug|Any CPU.ActiveCfg = Debug|Any CPU
		{D1817286-8D58-9288-582B-D4CE810092FE}.Debug|Any CPU.Build.0 = Debug|Any CPU
		{D1817286-8D58-9288-582B-D4CE810092FE}.Release|Any CPU.ActiveCfg = Release|Any CPU
		{D1817286-8D58-9288-582B-D4CE810092FE}.Release|Any CPU.Build.0 = Release|Any CPU
		{5AA465E1-DBE9-809F-BCFB-6C55559C0198}.Debug|Any CPU.ActiveCfg = Debug|Any CPU
		{5AA465E1-DBE9-809F-BCFB-6C55559C0198}.Debug|Any CPU.Build.0 = Debug|Any CPU
		{5AA465E1-DBE9-809F-BCFB-6C55559C0198}.Release|Any CPU.ActiveCfg = Release|Any CPU
		{5AA465E1-DBE9-809F-BCFB-6C55559C0198}.Release|Any CPU.Build.0 = Release|Any CPU
	EndGlobalSection
	GlobalSection(SolutionProperties) = preSolution
		HideSolutionNode = FALSE
	EndGlobalSection
EndGlobal
